
Microsoft Visual Studio Solution File, Format Version 12.00
# Visual Studio Version 17
VisualStudioVersion = 17.0.31903.59
MinimumVisualStudioVersion = 10.0.40219.1
Project("{FAE04EC0-301F-11D3-BF4B-00C04F79EFBC}") = "EFCodeFirstDemo", "EFCodeFirstDemo\EFCodeFirstDemo.csproj", "{CC3553E2-E7A3-4B5D-B599-D3BABE9A652E}"
EndProject
Global
	GlobalSection(SolutionConfigurationPlatforms) = preSolution
		Debug|Any CPU = Debug|Any CPU
		Release|Any CPU = Release|Any CPU
	EndGlobalSection
	GlobalSection(ProjectConfigurationPlatforms) = postSolution
		{CC3553E2-E7A3-4B5D-B599-D3BABE9A652E}.Debug|Any CPU.ActiveCfg = Debug|Any CPU
		{CC3553E2-E7A3-4B5D-B599-D3BABE9A652E}.Debug|Any CPU.Build.0 = Debug|Any CPU
		{CC3553E2-E7A3-4B5D-B599-D3BABE9A652E}.Release|Any CPU.ActiveCfg = Release|Any CPU
		{CC3553E2-E7A3-4B5D-B599-D3BABE9A652E}.Release|Any CPU.Build.0 = Release|Any CPU
	EndGlobalSection
	GlobalSection(SolutionProperties) = preSolution
		HideSolutionNode = FALSE
	EndGlobalSection
	GlobalSection(ExtensibilityGlobals) = postSolution
		SolutionGuid = {DFBC12CE-2EA8-4C39-BA73-4959E2002418}
	EndGlobalSection
EndGlobal
